
Microsoft Visual Studio Solution File, Format Version 12.00
# Visual Studio Version 16
VisualStudioVersion = 16.0.29613.14
MinimumVisualStudioVersion = 10.0.40219.1
Project("{FAE04EC0-301F-11D3-BF4B-00C04F79EFBC}") = "MFarooqiA2", "MFarooqiA2.csproj", "{6B63210A-FA49-4FCD-BE82-EC4DB87FCB66}"
EndProject
Project("{FAE04EC0-301F-11D3-BF4B-00C04F79EFBC}") = "MFarooqiA2.Tests", "..\MFarooqiA2.Tests\MFarooqiA2.Tests.csproj", "{C9B99686-0D61-4616-B139-E59E7564A2F1}"
EndProject
Global
	GlobalSection(SolutionConfigurationPlatforms) = preSolution
		Debug|Any CPU = Debug|Any CPU
		Release|Any CPU = Release|Any CPU
	EndGlobalSection
	GlobalSection(ProjectConfigurationPlatforms) = postSolution
		{6B63210A-FA49-4FCD-BE82-EC4DB87FCB66}.Debug|Any CPU.ActiveCfg = Debug|Any CPU
		{6B63210A-FA49-4FCD-BE82-EC4DB87FCB66}.Debug|Any CPU.Build.0 = Debug|Any CPU
		{6B63210A-FA49-4FCD-BE82-EC4DB87FCB66}.Release|Any CPU.ActiveCfg = Release|Any CPU
		{6B63210A-FA49-4FCD-BE82-EC4DB87FCB66}.Release|Any CPU.Build.0 = Release|Any CPU
		{C9B99686-0D61-4616-B139-E59E7564A2F1}.Debug|Any CPU.ActiveCfg = Debug|Any CPU
		{C9B99686-0D61-4616-B139-E59E7564A2F1}.Debug|Any CPU.Build.0 = Debug|Any CPU
		{C9B99686-0D61-4616-B139-E59E7564A2F1}.Release|Any CPU.ActiveCfg = Release|Any CPU
		{C9B99686-0D61-4616-B139-E59E7564A2F1}.Release|Any CPU.Build.0 = Release|Any CPU
	EndGlobalSection
	GlobalSection(SolutionProperties) = preSolution
		HideSolutionNode = FALSE
	EndGlobalSection
	GlobalSection(ExtensibilityGlobals) = postSolution
		SolutionGuid = {AFA7049C-760C-406D-B81E-EEC24DFA4A55}
	EndGlobalSection
EndGlobal
